
Microsoft Visual Studio Solution File, Format Version 12.00
# Visual Studio Version 17
VisualStudioVersion = 17.10.35004.147
MinimumVisualStudioVersion = 10.0.40219.1
Project("{9A19103F-16F7-4668-BE54-9A1E7A4F7556}") = "CropPlanner", "CropPlanner.csproj", "{D2D59FE6-A17B-4877-991D-F52D193A0531}"
EndProject
Project("{FAE04EC0-301F-11D3-BF4B-00C04F79EFBC}") = "StardewCropCalculatorLibrary", "StardewCropCalculatorLibrary\StardewCropCalculatorLibrary.csproj", "{F990F7EA-29C0-4F21-8C50-FE2115842461}"
EndProject
Global
	GlobalSection(SolutionConfigurationPlatforms) = preSolution
		Debug|Any CPU = Debug|Any CPU
		Release|Any CPU = Release|Any CPU
	EndGlobalSection
	GlobalSection(ProjectConfigurationPlatforms) = postSolution
		{D2D59FE6-A17B-4877-991D-F52D193A0531}.Debug|Any CPU.ActiveCfg = Debug|Any CPU
		{D2D59FE6-A17B-4877-991D-F52D193A0531}.Debug|Any CPU.Build.0 = Debug|Any CPU
		{D2D59FE6-A17B-4877-991D-F52D193A0531}.Release|Any CPU.ActiveCfg = Release|Any CPU
		{D2D59FE6-A17B-4877-991D-F52D193A0531}.Release|Any CPU.Build.0 = Release|Any CPU
		{F990F7EA-29C0-4F21-8C50-FE2115842461}.Debug|Any CPU.ActiveCfg = Debug|Any CPU
		{F990F7EA-29C0-4F21-8C50-FE2115842461}.Debug|Any CPU.Build.0 = Debug|Any CPU
		{F990F7EA-29C0-4F21-8C50-FE2115842461}.Release|Any CPU.ActiveCfg = Release|Any CPU
		{F990F7EA-29C0-4F21-8C50-FE2115842461}.Release|Any CPU.Build.0 = Release|Any CPU
	EndGlobalSection
	GlobalSection(SolutionProperties) = preSolution
		HideSolutionNode = FALSE
	EndGlobalSection
	GlobalSection(ExtensibilityGlobals) = postSolution
		SolutionGuid = {DE94056F-426C-4B3D-847B-FD91795272CE}
	EndGlobalSection
EndGlobal
